Microsoft Visual Studio Solution File, Format Version 12.00
# Visual Studio Version 17
VisualStudioVersion = 17.14.35821.62
MinimumVisualStudioVersion = 10.0.40219.1
Project("{FAE04EC0-301F-11D3-BF4B-00C04F79EFBC}") = "Scorererer", "Scorererer\Scorererer.csproj", "{5BD664D4-06A5-49FE-88DF-6A812AA6F3AA}"
EndProject
Global
	GlobalSection(SolutionConfigurationPlatforms) = preSolution
		Debug|Any CPU = Debug|Any CPU
		Release|Any CPU = Release|Any CPU
	EndGlobalSection
	GlobalSection(ProjectConfigurationPlatforms) = postSolution
		{5BD664D4-06A5-49FE-88DF-6A812AA6F3AA}.Debug|Any CPU.ActiveCfg = Debug|Any CPU
		{5BD664D4-06A5-49FE-88DF-6A812AA6F3AA}.Debug|Any CPU.Build.0 = Debug|Any CPU
		{5BD664D4-06A5-49FE-88DF-6A812AA6F3AA}.Release|Any CPU.ActiveCfg = Release|Any CPU
		{5BD664D4-06A5-49FE-88DF-6A812AA6F3AA}.Release|Any CPU.Build.0 = Release|Any CPU
	EndGlobalSection
	GlobalSection(SolutionProperties) = preSolution
		HideSolutionNode = FALSE
	EndGlobalSection
	GlobalSection(ExtensibilityGlobals) = postSolution
		SolutionGuid = {33263B0D-5B94-4032-AB51-47A9D5FAA540}
	EndGlobalSection
EndGlobal
